{
    "_meta": {
        "hash": {
            "sha256": "0deb1f47d0b8db398a1083a2392c8e07c1ea26b8b0b633ab78d92fcbc69e2bb1"
        },
        "pipfile-spec": 6,
        "requires": {
            "python_version": "3.6"
        },
        "sources": [
            {
                "name": "pypi",
                "url": "https://pypi.org/simple",
                "verify_ssl": true
            }
        ]
    },
    "default": {
        "certifi": {
            "hashes": [
                "sha256:2bbf76fd432960138b3ef6dda3dde0544f27cbf8546c458e60baf371917ba9ee",
                "sha256:50b1e4f8446b06f41be7dd6338db18e0990601dce795c2b1686458aa7e8fa7d8"
            ],
            "version": "==2021.5.30"
        },
        "chardet": {
            "hashes": [
                "sha256:84ab92ed1c4d4f16916e05906b6b75a6c0fb5db821cc65e70cbd64a3e2a5eaae",
                "sha256:fc323ffcaeaed0e0a02bf4d117757b98aed530d9ed4531e3e15460124c106691"
            ],
            "version": "==3.0.4"
        },
        "coreapi": {
            "hashes": [
                "sha256:46145fcc1f7017c076a2ef684969b641d18a2991051fddec9458ad3f78ffc1cb",
                "sha256:bf39d118d6d3e171f10df9ede5666f63ad80bba9a29a8ec17726a66cf52ee6f3"
            ],
            "version": "==2.3.3"
        },
        "coreschema": {
            "hashes": [
                "sha256:5e6ef7bf38c1525d5e55a895934ab4273548629f16aed5c0a6caa74ebf45551f",
                "sha256:9503506007d482ab0867ba14724b93c18a33b22b6d19fb419ef2d239dd4a1607"
            ],
            "version": "==0.0.4"
        },
        "defusedxml": {
            "hashes": [
                "sha256:1bb3032db185915b62d7c6209c5a8792be6a32ab2fedacc84e01b52c51aa3e69",
                "sha256:a352e7e428770286cc899e2542b6cdaedb2b4953ff269a210103ec58f6198a61"
            ],
            "version": "==0.7.1"
        },
        "django": {
            "hashes": [
                "sha256:7460cfe3781d36d1625230267dad255deb33e9229e41f21e32b33b9d536d20cd",
                "sha256:7d8b61b6e7031a3c1a4aef29e2701849af0837f4f2062bc203077a0b46d51c2c"
            ],
            "index": "pypi",
            "version": "==2.2.21"
        },
        "django-allauth": {
            "hashes": [
                "sha256:6a189fc4d3ee23596c3fd6e9f49c59b5b15618980118171a50675dd6a27cc589"
            ],
            "index": "pypi",
            "version": "==0.40"
        },
        "django-cors-headers": {
            "hashes": [
                "sha256:5545009c9b233ea7e70da7dbab7cb1c12afa01279895086f98ec243d7eab46fa",
                "sha256:c4c2ee97139d18541a1be7d96fe337d1694623816d83f53cb7c00da9b94acae1"
            ],
            "index": "pypi",
            "version": "==2.4.0"
        },
        "django-elasticsearch-dsl": {
            "hashes": [
                "sha256:114889f0f70d584e300953b9fc75f312b447e3ff96136dad03028654ba9f4cbd",
                "sha256:8c96714d8eef30763e820a2909663b236df765e5c6c8508721489dc9713dfef7"
            ],
            "index": "pypi",
            "version": "==0.5.1"
        },
        "django-elasticsearch-dsl-drf": {
            "hashes": [
                "sha256:54850d163a512d1edfd5d6b0fef541e8c49ea320b55e6137b9caa23ff3f856fb",
                "sha256:70fd88cc1d93323e35b53664e0b6d73ac24e6965c27c6adeb806f0e716ec125f"
            ],
            "index": "pypi",
            "version": "==0.16.3"
        },
        "django-filter": {
            "hashes": [
                "sha256:558c727bce3ffa89c4a7a0b13bc8976745d63e5fd576b3a9a851650ef11c401b",
                "sha256:c3deb57f0dd7ff94d7dce52a047516822013e2b441bed472b722a317658cfd14"
            ],
            "index": "pypi",
            "version": "==2.2.0"
        },
        "django-nine": {
            "hashes": [
                "sha256:27cb253eea230d0c792b815125c58f69bb1a3f32265c3b8585ab891f7855c0cd",
                "sha256:296718cc75eec8fc5a4a35aa4b689ab782f4fc9d59f12515ad70abbea49a7c27"
            ],
            "version": "==0.2.4"
        },
        "django-rest-auth": {
            "hashes": [
                "sha256:f11e12175dafeed772f50d740d22caeab27e99a3caca24ec65e66a8d6de16571"
            ],
            "index": "pypi",
            "version": "==0.9.5"
        },
        "django-rest-swagger": {
            "hashes": [
                "sha256:70f681bcccc75f5095104973e7ab47af3a979110202593c28c937f6dd6a04100",
                "sha256:c05a0764c733407cf23b30471dc5c59a4a8e51ee0c5ee505d9ce0e2c327be2e3"
            ],
            "index": "pypi",
            "version": "==2.1.0"
        },
        "django-widget-tweaks": {
            "hashes": [
                "sha256:0baee0b905286fde028fdbd0dd1d985d4656dab472b0fd4ca4cd556ee38a047e",
                "sha256:0e8e3b7ebd1aafb2250d0f7614cfbad27017b3c727858ee3aee23748dd1f147d"
            ],
            "index": "pypi",
            "version": "==1.4.1"
        },
        "djangorestframework": {
            "hashes": [
                "sha256:1d22971a5fc98becdbbad9710ca2a9148dd339f6cbea4c3ddbed2cb84bab94e1",
                "sha256:2884763160b997073ff1e937bd820a69d23978902a3ccd0ba53a217e196239f0"
            ],
            "index": "pypi",
            "version": "==3.9.3"
        },
        "djangorestframework-jwt": {
            "hashes": [
                "sha256:5efe33032f3a4518a300dc51a51c92145ad95fb6f4b272e5aa24701db67936a7",
                "sha256:ab15dfbbe535eede8e2e53adaf52ef0cf018ee27dbfad10cbc4cbec2ab63d38c"
            ],
            "index": "pypi",
            "version": "==1.11.0"
        },
        "elasticsearch": {
            "hashes": [
                "sha256:7546cc08e3899716e12fe67d12d7cfe9a64647014d1134b014c3c392b63cad42",
                "sha256:aada5cfdc4a543c47098eb3aca6663848ef5d04b4324935ced441debc11ec98b"
            ],
            "index": "pypi",
            "version": "==6.3.1"
        },
        "elasticsearch-dsl": {
            "hashes": [
                "sha256:5114a38a88e93a4663782eae07a1e8084ba333c49887335c83de8b8043bc72b2",
                "sha256:d6d974cd2289543a3350690494a43fe9996485b8dc6f1d8758cb56bee01244bd"
            ],
            "index": "pypi",
            "version": "==6.1.0"
        },
        "idna": {
            "hashes": [
                "sha256:c357b3f628cf53ae2c4c05627ecc484553142ca23264e593d327bcde5e9c3407",
                "sha256:ea8b7f6188e6fa117537c3df7da9fc686d485087abf6ac197f9c46432f7e4a3c"
            ],
            "version": "==2.8"
        },
        "ipaddress": {
            "hashes": [
                "sha256:6e0f4a39e66cb5bb9a137b00276a2eff74f93b71dcbdad6f10ff7df9d3557fcc",
                "sha256:b7f8e0369580bb4a24d5ba1d7cc29660a4a6987763faf1d8a8046830e020e7e2"
            ],
            "version": "==1.0.23"
        },
        "itypes": {
            "hashes": [
                "sha256:03da6872ca89d29aef62773672b2d408f490f80db48b23079a4b194c86dd04c6",
                "sha256:af886f129dea4a2a1e3d36595a2d139589e4dd287f5cab0b40e799ee81570ff1"
            ],
            "version": "==1.2.0"
        },
        "jinja2": {
            "hashes": [
                "sha256:1f06f2da51e7b56b8f238affdd6b4e2c61e39598a378cc49345bc1bd42a978a4",
                "sha256:703f484b47a6af502e743c9122595cc812b0271f661722403114f71a79d0f5a4"
            ],
            "version": "==3.0.1"
        },
        "markupsafe": {
            "hashes": [
                "sha256:01a9b8ea66f1658938f65b93a85ebe8bc016e6769611be228d797c9d998dd298",
                "sha256:023cb26ec21ece8dc3907c0e8320058b2e0cb3c55cf9564da612bc325bed5e64",
                "sha256:0446679737af14f45767963a1a9ef7620189912317d095f2d9ffa183a4d25d2b",
                "sha256:0717a7390a68be14b8c793ba258e075c6f4ca819f15edfc2a3a027c823718567",
                "sha256:0955295dd5eec6cb6cc2fe1698f4c6d84af2e92de33fbcac4111913cd100a6ff",
                "sha256:10f82115e21dc0dfec9ab5c0223652f7197feb168c940f3ef61563fc2d6beb74",
                "sha256:1d609f577dc6e1aa17d746f8bd3c31aa4d258f4070d61b2aa5c4166c1539de35",
                "sha256:2ef54abee730b502252bcdf31b10dacb0a416229b72c18b19e24a4509f273d26",
                "sha256:3c112550557578c26af18a1ccc9e090bfe03832ae994343cfdacd287db6a6ae7",
                "sha256:47ab1e7b91c098ab893b828deafa1203de86d0bc6ab587b160f78fe6c4011f75",
                "sha256:49e3ceeabbfb9d66c3aef5af3a60cc43b85c33df25ce03d0031a608b0a8b2e3f",
                "sha256:4efca8f86c54b22348a5467704e3fec767b2db12fc39c6d963168ab1d3fc9135",
                "sha256:53edb4da6925ad13c07b6d26c2a852bd81e364f95301c66e930ab2aef5b5ddd8",
                "sha256:594c67807fb16238b30c44bdf74f36c02cdf22d1c8cda91ef8a0ed8dabf5620a",
                "sha256:611d1ad9a4288cf3e3c16014564df047fe08410e628f89805e475368bd304914",
                "sha256:6557b31b5e2c9ddf0de32a691f2312a32f77cd7681d8af66c2692efdbef84c18",
                "sha256:693ce3f9e70a6cf7d2fb9e6c9d8b204b6b39897a2c4a1aa65728d5ac97dcc1d8",
                "sha256:6a7fae0dd14cf60ad5ff42baa2e95727c3d81ded453457771d02b7d2b3f9c0c2",
                "sha256:6c4ca60fa24e85fe25b912b01e62cb969d69a23a5d5867682dd3e80b5b02581d",
                "sha256:7d91275b0245b1da4d4cfa07e0faedd5b0812efc15b702576d103293e252af1b",
                "sha256:905fec760bd2fa1388bb5b489ee8ee5f7291d692638ea5f67982d968366bef9f",
                "sha256:97383d78eb34da7e1fa37dd273c20ad4320929af65d156e35a5e2d89566d9dfb",
                "sha256:984d76483eb32f1bcb536dc27e4ad56bba4baa70be32fa87152832cdd9db0833",
                "sha256:a30e67a65b53ea0a5e62fe23682cfe22712e01f453b95233b25502f7c61cb415",
                "sha256:ab3ef638ace319fa26553db0624c4699e31a28bb2a835c5faca8f8acf6a5a902",
                "sha256:b2f4bf27480f5e5e8ce285a8c8fd176c0b03e93dcc6646477d4630e83440c6a9",
                "sha256:b7f2d075102dc8c794cbde1947378051c4e5180d52d276987b8d28a3bd58c17d",
                "sha256:be98f628055368795d818ebf93da628541e10b75b41c559fdf36d104c5787066",
                "sha256:d7f9850398e85aba693bb640262d3611788b1f29a79f0c93c565694658f4071f",
                "sha256:f5653a225f31e113b152e56f154ccbe59eeb1c7487b39b9d9f9cdb58e6c79dc5",
                "sha256:f826e31d18b516f653fe296d967d700fddad5901ae07c622bb3705955e1faa94",
                "sha256:f8ba0e8349a38d3001fae7eadded3f6606f0da5d748ee53cc1dab1d6527b9509",
                "sha256:f9081981fe268bd86831e5c75f7de206ef275defcb82bc70740ae6dc507aee51",
                "sha256:fa130dd50c57d53368c9d59395cb5526eda596d3ffe36666cd81a44d56e48872"
            ],
            "version": "==2.0.1"
        },
        "oauthlib": {
            "hashes": [
                "sha256:42bf6354c2ed8c6acb54d971fce6f88193d97297e18602a3a886603f9d7730cc",
                "sha256:8f0215fcc533dd8dd1bee6f4c412d4f0cd7297307d43ac61666389e3bc3198a3"
            ],
            "version": "==3.1.1"
        },
        "openapi-codec": {
            "hashes": [
                "sha256:1bce63289edf53c601ea3683120641407ff6b708803b8954c8a876fe778d2145"
            ],
            "version": "==1.3.2"
        },
        "psycopg2-binary": {
            "hashes": [
                "sha256:04afb59bbbd2eab3148e6816beddc74348078b8c02a1113ea7f7822f5be4afe3",
                "sha256:098b18f4d8857a8f9b206d1dc54db56c2255d5d26458917e7bcad61ebfe4338f",
                "sha256:0bf855d4a7083e20ead961fda4923887094eaeace0ab2d76eb4aa300f4bbf5bd",
                "sha256:197dda3ffd02057820be83fe4d84529ea70bf39a9a4daee1d20ffc74eb3d042e",
                "sha256:278ef63afb4b3d842b4609f2c05ffbfb76795cf6a184deeb8707cd5ed3c981a5",
                "sha256:3cbf8c4fc8f22f0817220891cf405831559f4d4c12c4f73913730a2ea6c47a47",
                "sha256:4305aed922c4d9d6163ab3a41d80b5a1cfab54917467da8168552c42cad84d32",
                "sha256:47ee296f704fb8b2a616dec691cdcfd5fa0f11943955e88faa98cbd1dc3b3e3d",
                "sha256:4a0e38cb30457e70580903367161173d4a7d1381eb2f2cfe4e69b7806623f484",
                "sha256:4d6c294c6638a71cafb82a37f182f24321f1163b08b5d5ca076e11fe838a3086",
                "sha256:4f3233c366500730f839f92833194fd8f9a5c4529c8cd8040aa162c3740de8e5",
                "sha256:5221f5a3f4ca2ddf0d58e8b8a32ca50948be9a43351fda797eb4e72d7a7aa34d",
                "sha256:5c6ca0b507540a11eaf9e77dee4f07c131c2ec80ca0cffa146671bf690bc1c02",
                "sha256:789bd89d71d704db2b3d5e67d6d518b158985d791d3b2dec5ab85457cfc9677b",
                "sha256:7b94d29239efeaa6a967f3b5971bd0518d2a24edd1511edbf4a2c8b815220d07",
                "sha256:89bc65ef3301c74cf32db25334421ea6adbe8f65601ea45dcaaf095abed910bb",
                "sha256:89d6d3a549f405c20c9ae4dc94d7ed2de2fa77427a470674490a622070732e62",
                "sha256:97521704ac7127d7d8ba22877da3c7bf4a40366587d238ec679ff38e33177498",
                "sha256:a395b62d5f44ff6f633231abe568e2203b8fabf9797cd6386aa92497df912d9a",
                "sha256:a6d32c37f714c3f34158f3fa659f3a8f2658d5f53c4297d45579b9677cc4d852",
                "sha256:a89ee5c26f72f2d0d74b991ce49e42ddeb4ac0dc2d8c06a0f2770a1ab48f4fe0",
                "sha256:b4c8b0ef3608e59317bfc501df84a61e48b5445d45f24d0391a24802de5f2d84",
                "sha256:b5fcf07140219a1f71e18486b8dc28e2e1b76a441c19374805c617aa6d9a9d55",
                "sha256:b86f527f00956ecebad6ab3bb30e3a75fedf1160a8716978dd8ce7adddedd86f",
                "sha256:be4c4aa22ba22f70de36c98b06480e2f1697972d49eb20d525f400d204a6d272",
                "sha256:c2ac7aa1a144d4e0e613ac7286dae85671e99fe7a1353954d4905629c36b811c",
                "sha256:de26ef4787b5e778e8223913a3e50368b44e7480f83c76df1f51d23bd21cea16",
                "sha256:e70ebcfc5372dc7b699c0110454fc4263967f30c55454397e5769eb72c0eb0ce",
                "sha256:eadbd32b6bc48b67b0457fccc94c86f7ccc8178ab839f684eb285bb592dc143e",
                "sha256:ecbc6dfff6db06b8b72ae8a2f25ff20fbdcb83cb543811a08f7cb555042aa729"
            ],
            "index": "pypi",
            "version": "==2.7.5"
        },
        "pyjwt": {
            "hashes": [
                "sha256:5c6eca3c2940464d106b99ba83b00c6add741c9becaec087fb7ccdefea71350e",
                "sha256:8d59a976fb773f3e6a39c85636357c4f0e242707394cadadd9814f5cbaa20e96"
            ],
            "version": "==1.7.1"
        },
        "python-dateutil": {
            "hashes": [
                "sha256:73ebfe9dbf22e832286dafa60473e4cd239f8592f699aa5adaf10050e6e1823c",
                "sha256:75bb3f31ea686f1197762692a9ee6a7550b59fc6ca3a1f4b5d7e32fb98e2da2a"
            ],
            "version": "==2.8.1"
        },
        "python3-openid": {
            "hashes": [
                "sha256:33fbf6928f401e0b790151ed2b5290b02545e8775f982485205a066f874aaeaf",
                "sha256:6626f771e0417486701e0b4daff762e7212e820ca5b29fcc0d05f6f8736dfa6b"
            ],
            "version": "==3.2.0"
        },
        "pytz": {
            "hashes": [
                "sha256:83a4a90894bf38e243cf052c8b58f381bfe9a7a483f6a9cab140bc7f702ac4da",
                "sha256:eb10ce3e7736052ed3623d49975ce333bcd712c7bb19a58b9e2089d4057d0798"
            ],
            "version": "==2021.1"
        },
        "raven": {
            "hashes": [
                "sha256:3fd787d19ebb49919268f06f19310e8112d619ef364f7989246fc8753d469888",
                "sha256:95f44f3ea2c1b176d5450df4becdb96c15bf2632888f9ab193e9dd22300ce46a"
            ],
            "index": "pypi",
            "version": "==6.9.0"
        },
        "requests": {
            "hashes": [
                "sha256:502a824f31acdacb3a35b6690b5fbf0bc41d63a24a45c4004352b0242707598e",
                "sha256:7bf2a778576d825600030a110f3c0e3e8edc51dfaafe1c146e39a2027784957b"
            ],
            "index": "pypi",
            "version": "==2.21.0"
        },
        "requests-oauthlib": {
            "hashes": [
                "sha256:7f71572defaecd16372f9006f33c2ec8c077c3cfa6f5911a9a90202beb513f3d",
                "sha256:b4261601a71fd721a8bd6d7aa1cc1d6a8a93b4a9f5e96626f8e4d91e8beeaa6a"
            ],
            "version": "==1.3.0"
        },
        "simplejson": {
            "hashes": [
                "sha256:034550078a11664d77bc1a8364c90bb7eef0e44c2dbb1fd0a4d92e3997088667",
                "sha256:05b43d568300c1cd43f95ff4bfcff984bc658aa001be91efb3bb21df9d6288d3",
                "sha256:0dd9d9c738cb008bfc0862c9b8fa6743495c03a0ed543884bf92fb7d30f8d043",
                "sha256:10fc250c3edea4abc15d930d77274ddb8df4803453dde7ad50c2f5565a18a4bb",
                "sha256:2862beabfb9097a745a961426fe7daf66e1714151da8bb9a0c430dde3d59c7c0",
                "sha256:292c2e3f53be314cc59853bd20a35bf1f965f3bc121e007ab6fd526ed412a85d",
                "sha256:2d3eab2c3fe52007d703a26f71cf649a8c771fcdd949a3ae73041ba6797cfcf8",
                "sha256:2e7b57c2c146f8e4dadf84977a83f7ee50da17c8861fd7faf694d55e3274784f",
                "sha256:311f5dc2af07361725033b13cc3d0351de3da8bede3397d45650784c3f21fbcf",
                "sha256:344e2d920a7f27b4023c087ab539877a1e39ce8e3e90b867e0bfa97829824748",
                "sha256:3fabde09af43e0cbdee407555383063f8b45bfb52c361bc5da83fcffdb4fd278",
                "sha256:42b8b8dd0799f78e067e2aaae97e60d58a8f63582939af60abce4c48631a0aa4",
                "sha256:4b3442249d5e3893b90cb9f72c7d6ce4d2ea144d2c0d9f75b9ae1e5460f3121a",
                "sha256:55d65f9cc1b733d85ef95ab11f559cce55c7649a2160da2ac7a078534da676c8",
                "sha256:5c659a0efc80aaaba57fcd878855c8534ecb655a28ac8508885c50648e6e659d",
                "sha256:72d8a3ffca19a901002d6b068cf746be85747571c6a7ba12cbcf427bfb4ed971",
                "sha256:75ecc79f26d99222a084fbdd1ce5aad3ac3a8bd535cd9059528452da38b68841",
                "sha256:76ac9605bf2f6d9b56abf6f9da9047a8782574ad3531c82eae774947ae99cc3f",
                "sha256:7d276f69bfc8c7ba6c717ba8deaf28f9d3c8450ff0aa8713f5a3280e232be16b",
                "sha256:7f10f8ba9c1b1430addc7dd385fc322e221559d3ae49b812aebf57470ce8de45",
                "sha256:8042040af86a494a23c189b5aa0ea9433769cc029707833f261a79c98e3375f9",
                "sha256:813846738277729d7db71b82176204abc7fdae2f566e2d9fcf874f9b6472e3e6",
                "sha256:845a14f6deb124a3bcb98a62def067a67462a000e0508f256f9c18eff5847efc",
                "sha256:869a183c8e44bc03be1b2bbcc9ec4338e37fa8557fc506bf6115887c1d3bb956",
                "sha256:8acf76443cfb5c949b6e781c154278c059b09ac717d2757a830c869ba000cf8d",
                "sha256:8f713ea65958ef40049b6c45c40c206ab363db9591ff5a49d89b448933fa5746",
                "sha256:934115642c8ba9659b402c8bdbdedb48651fb94b576e3b3efd1ccb079609b04a",
                "sha256:9551f23e09300a9a528f7af20e35c9f79686d46d646152a0c8fc41d2d074d9b0",
                "sha256:9a2b7543559f8a1c9ed72724b549d8cc3515da7daf3e79813a15bdc4a769de25",
                "sha256:a55c76254d7cf8d4494bc508e7abb993a82a192d0db4552421e5139235604625",
                "sha256:ad8f41c2357b73bc9e8606d2fa226233bf4d55d85a8982ecdfd55823a6959995",
                "sha256:af4868da7dd53296cd7630687161d53a7ebe2e63814234631445697bd7c29f46",
                "sha256:afebfc3dd3520d37056f641969ce320b071bc7a0800639c71877b90d053e087f",
                "sha256:b59aa298137ca74a744c1e6e22cfc0bf9dca3a2f41f51bc92eb05695155d905a",
                "sha256:bc00d1210567a4cdd215ac6e17dc00cb9893ee521cee701adfd0fa43f7c73139",
                "sha256:c1cb29b1fced01f97e6d5631c3edc2dadb424d1f4421dad079cb13fc97acb42f",
                "sha256:c94dc64b1a389a416fc4218cd4799aa3756f25940cae33530a4f7f2f54f166da",
                "sha256:ceaa28a5bce8a46a130cd223e895080e258a88d51bf6e8de2fc54a6ef7e38c34",
                "sha256:cff6453e25204d3369c47b97dd34783ca820611bd334779d22192da23784194b",
                "sha256:d0b64409df09edb4c365d95004775c988259efe9be39697d7315c42b7a5e7e94",
                "sha256:d4813b30cb62d3b63ccc60dd12f2121780c7a3068db692daeb90f989877aaf04",
                "sha256:da3c55cdc66cfc3fffb607db49a42448785ea2732f055ac1549b69dcb392663b",
                "sha256:e058c7656c44fb494a11443191e381355388443d543f6fc1a245d5d238544396",
                "sha256:fed0f22bf1313ff79c7fc318f7199d6c2f96d4de3234b2f12a1eab350e597c06",
                "sha256:ffd4e4877a78c84d693e491b223385e0271278f5f4e1476a4962dca6824ecfeb"
            ],
            "version": "==3.17.2"
        },
        "six": {
            "hashes": [
                "sha256:1e61c37477a1626458e36f7b1d82aa5c9b094fa4802892072e49de9c60c4c926",
                "sha256:8abb2f1d86890a2dfb989f9a77cfcfd3e47c2a354b01111771326f8aa26e0254"
            ],
            "version": "==1.16.0"
        },
        "sparkpost": {
            "hashes": [
                "sha256:763fa373e69448d7e14936a7c8197f147803512ca00e7ce8cdb2ac1e3ed91bb0",
                "sha256:aa24ab26b7cd4ebaa929bfa9b0d2cd256470b6da84f2c0f5fd0a16bd4c49ebd1"
            ],
            "index": "pypi",
            "version": "==1.3.5"
        },
        "sqlparse": {
            "hashes": [
                "sha256:017cde379adbd6a1f15a61873f43e8274179378e95ef3fede90b5aa64d304ed0",
                "sha256:0f91fd2e829c44362cbcfab3e9ae12e22badaa8a29ad5ff599f9ec109f0454e8"
            ],
            "version": "==0.4.1"
        },
        "uritemplate": {
            "hashes": [
                "sha256:07620c3f3f8eed1f12600845892b0e036a2420acf513c53f7de0abd911a5894f",
                "sha256:5af8ad10cec94f215e3f48112de2022e1d5a37ed427fbd88652fa908f2ab7cae"
            ],
            "version": "==3.0.1"
        },
        "urllib3": {
            "hashes": [
                "sha256:2393a695cd12afedd0dcb26fe5d50d0cf248e5a66f75dbd89a3d4eb333a61af4",
                "sha256:a637e5fae88995b256e3409dc4d52c2e2e0ba32c42a6365fee8bbd2238de3cfb"
            ],
            "version": "==1.24.3"
        },
        "xmltodict": {
            "hashes": [
                "sha256:8f8d7d40aa28d83f4109a7e8aa86e67a4df202d9538be40c0cb1d70da527b0df",
                "sha256:add07d92089ff611badec526912747cf87afd4f9447af6661aca074eeaf32615"
            ],
            "index": "pypi",
            "version": "==0.11.0"
        }
    },
    "develop": {}
}
